// !$*UTF8*$!
{
	archiveVersion = 1;
	classes = {
	};
	objectVersion = 77;
	objects = {

/* Begin PBXBuildFile section */
		EF3905E22EBA323800CB59DB /* DesignSystem in Frameworks */ = {isa = PBXBuildFile; productRef = EF3905E12EBA323800CB59DB /* DesignSystem */; };
/* End PBXBuildFile section */

/* Begin PBXContainerItemProxy section */
		EF8EA43D2EB9E53A0018EFEE /* PBXContainerItemProxy */ = {
			isa = PBXContainerItemProxy;
			containerPortal = EF8EA4262EB9E5390018EFEE /* Project object */;
			proxyType = 1;
			remoteGlobalIDString = EF8EA42D2EB9E5390018EFEE;
			remoteInfo = "SwiftUI-Pokedex";
		};
		EF8EA4472EB9E53A0018EFEE /* PBXContainerItemProxy */ = {
			isa = PBXContainerItemProxy;
			containerPortal = EF8EA4262EB9E5390018EFEE /* Project object */;
			proxyType = 1;
			remoteGlobalIDString = EF8EA42D2EB9E5390018EFEE;
			remoteInfo = "SwiftUI-Pokedex";
		};
/* End PBXContainerItemProxy section */

/* Begin PBXFileReference section */
		EF8EA42E2EB9E5390018EFEE /* SwiftUI-Pokedex.app */ = {isa = PBXFileReference; explicitFileType = wrapper.application; includeInIndex = 0; path = "SwiftUI-Pokedex.app"; sourceTree = BUILT_PRODUCTS_DIR; };
		EF8EA43C2EB9E53A0018EFEE /* SwiftUI-PokedexTests.xctest */ = {isa = PBXFileReference; explicitFileType = wrapper.cfbundle; includeInIndex = 0; path = "SwiftUI-PokedexTests.xctest"; sourceTree = BUILT_PRODUCTS_DIR; };
		EF8EA4462EB9E53A0018EFEE /* SwiftUI-PokedexUITests.xctest */ = {isa = PBXFileReference; explicitFileType = wrapper.cfbundle; includeInIndex = 0; path = "SwiftUI-PokedexUITests.xctest"; sourceTree = BUILT_PRODUCTS_DIR; };
/* End PBXFileReference section */

/* Begin PBXFileSystemSynchronizedRootGroup section */
		EF8EA4302EB9E5390018EFEE /* SwiftUI-Pokedex */ = {
			isa = PBXFileSystemSynchronizedRootGroup;
			path = "SwiftUI-Pokedex";
			sourceTree = "<group>";
		};
		EF8EA43F2EB9E53A0018EFEE /* SwiftUI-PokedexTests */ = {
			isa = PBXFileSystemSynchronizedRootGroup;
			path = "SwiftUI-PokedexTests";
			sourceTree = "<group>";
		};
		EF8EA4492EB9E53A0018EFEE /* SwiftUI-PokedexUITests */ = {
			isa = PBXFileSystemSynchronizedRootGroup;
			path = "SwiftUI-PokedexUITests";
			sourceTree = "<group>";
		};
/* End PBXFileSystemSynchronizedRootGroup section */

/* Begin PBXFrameworksBuildPhase section */
		EF8EA42B2EB9E5390018EFEE /* Frameworks */ = {
			isa = PBXFrameworksBuildPhase;
			buildActionMask = 2147483647;
			files = (
				EF3905E22EBA323800CB59DB /* DesignSystem in Frameworks */,
			);
			runOnlyForDeploymentPostprocessing = 0;
		};
		EF8EA4392EB9E53A0018EFEE /* Frameworks */ = {
			isa = PBXFrameworksBuildPhase;
			buildActionMask = 2147483647;
			files = (
			);
			runOnlyForDeploymentPostprocessing = 0;
		};
		EF8EA4432EB9E53A0018EFEE /* Frameworks */ = {
			isa = PBXFrameworksBuildPhase;
			buildActionMask = 2147483647;
			files = (
			);
			runOnlyForDeploymentPostprocessing = 0;
		};
/* End PBXFrameworksBuildPhase section */

/* Begin PBXGroup section */
		EF3905E02EBA323800CB59DB /* Frameworks */ = {
			isa = PBXGroup;
			children = (
			);
			name = Frameworks;
			sourceTree = "<group>";
		};
		EF8EA4252EB9E5390018EFEE = {
			isa = PBXGroup;
			children = (
				EF8EA4302EB9E5390018EFEE /* SwiftUI-Pokedex */,
				EF8EA43F2EB9E53A0018EFEE /* SwiftUI-PokedexTests */,
				EF8EA4492EB9E53A0018EFEE /* SwiftUI-PokedexUITests */,
				EF3905E02EBA323800CB59DB /* Frameworks */,
				EF8EA42F2EB9E5390018EFEE /* Products */,
			);
			sourceTree = "<group>";
		};
		EF8EA42F2EB9E5390018EFEE /* Products */ = {
			isa = PBXGroup;
			children = (
				EF8EA42E2EB9E5390018EFEE /* SwiftUI-Pokedex.app */,
				EF8EA43C2EB9E53A0018EFEE /* SwiftUI-PokedexTests.xctest */,
				EF8EA4462EB9E53A0018EFEE /* SwiftUI-PokedexUITests.xctest */,
			);
			name = Products;
			sourceTree = "<group>";
		};
/* End PBXGroup section */

/* Begin PBXNativeTarget section */
		EF8EA42D2EB9E5390018EFEE /* SwiftUI-Pokedex */ = {
			isa = PBXNativeTarget;
			buildConfigurationList = EF8EA4502EB9E53A0018EFEE /* Build configuration list for PBXNativeTarget "SwiftUI-Pokedex" */;
			buildPhases = (
				EF8EA42A2EB9E5390018EFEE /* Sources */,
				EF8EA42B2EB9E5390018EFEE /* Frameworks */,
				EF8EA42C2EB9E5390018EFEE /* Resources */,
			);
			buildRules = (
			);
			dependencies = (
			);
			fileSystemSynchronizedGroups = (
				EF8EA4302EB9E5390018EFEE /* SwiftUI-Pokedex */,
			);
			name = "SwiftUI-Pokedex";
			packageProductDependencies = (
				EF3905E12EBA323800CB59DB /* DesignSystem */,
			);
			productName = "SwiftUI-Pokedex";
			productReference = EF8EA42E2EB9E5390018EFEE /* SwiftUI-Pokedex.app */;
			productType = "com.apple.product-type.application";
		};
		EF8EA43B2EB9E53A0018EFEE /* SwiftUI-PokedexTests */ = {
			isa = PBXNativeTarget;
			buildConfigurationList = EF8EA4532EB9E53A0018EFEE /* Build configuration list for PBXNativeTarget "SwiftUI-PokedexTests" */;
			buildPhases = (
				EF8EA4382EB9E53A0018EFEE /* Sources */,
				EF8EA4392EB9E53A0018EFEE /* Frameworks */,
				EF8EA43A2EB9E53A0018EFEE /* Resources */,
			);
			buildRules = (
			);
			dependencies = (
				EF8EA43E2EB9E53A0018EFEE /* PBXTargetDependency */,
			);
			fileSystemSynchronizedGroups = (
				EF8EA43F2EB9E53A0018EFEE /* SwiftUI-PokedexTests */,
			);
			name = "SwiftUI-PokedexTests";
			packageProductDependencies = (
			);
			productName = "SwiftUI-PokedexTests";
			productReference = EF8EA43C2EB9E53A0018EFEE /* SwiftUI-PokedexTests.xctest */;
			productType = "com.apple.product-type.bundle.unit-test";
		};
		EF8EA4452EB9E53A0018EFEE /* SwiftUI-PokedexUITests */ = {
			isa = PBXNativeTarget;
			buildConfigurationList = EF8EA4562EB9E53A0018EFEE /* Build configuration list for PBXNativeTarget "SwiftUI-PokedexUITests" */;
			buildPhases = (
				EF8EA4422EB9E53A0018EFEE /* Sources */,
				EF8EA4432EB9E53A0018EFEE /* Frameworks */,
				EF8EA4442EB9E53A0018EFEE /* Resources */,
			);
			buildRules = (
			);
			dependencies = (
				EF8EA4482EB9E53A0018EFEE /* PBXTargetDependency */,
			);
			fileSystemSynchronizedGroups = (
				EF8EA4492EB9E53A0018EFEE /* SwiftUI-PokedexUITests */,
			);
			name = "SwiftUI-PokedexUITests";
			packageProductDependencies = (
			);
			productName = "SwiftUI-PokedexUITests";
			productReference = EF8EA4462EB9E53A0018EFEE /* SwiftUI-PokedexUITests.xctest */;
			productType = "com.apple.product-type.bundle.ui-testing";
		};
/* End PBXNativeTarget section */

/* Begin PBXProject section */
		EF8EA4262EB9E5390018EFEE /* Project object */ = {
			isa = PBXProject;
			attributes = {
				BuildIndependentTargetsInParallel = 1;
				LastSwiftUpdateCheck = 1640;
				LastUpgradeCheck = 1640;
				TargetAttributes = {
					EF8EA42D2EB9E5390018EFEE = {
						CreatedOnToolsVersion = 16.4;
					};
					EF8EA43B2EB9E53A0018EFEE = {
						CreatedOnToolsVersion = 16.4;
						TestTargetID = EF8EA42D2EB9E5390018EFEE;
					};
					EF8EA4452EB9E53A0018EFEE = {
						CreatedOnToolsVersion = 16.4;
						TestTargetID = EF8EA42D2EB9E5390018EFEE;
					};
				};
			};
			buildConfigurationList = EF8EA4292EB9E5390018EFEE /* Build configuration list for PBXProject "SwiftUI-Pokedex" */;
			developmentRegion = en;
			hasScannedForEncodings = 0;
			knownRegions = (
				en,
				Base,
				fr,
			);
			mainGroup = EF8EA4252EB9E5390018EFEE;
			minimizedProjectReferenceProxies = 1;
			packageReferences = (
				EF3905DD2EBA319800CB59DB /* XCLocalSwiftPackageReference "../DesignSystem" */,
			);
			preferredProjectObjectVersion = 77;
			productRefGroup = EF8EA42F2EB9E5390018EFEE /* Products */;
			projectDirPath = "";
			projectRoot = "";
			targets = (
				EF8EA42D2EB9E5390018EFEE /* SwiftUI-Pokedex */,
				EF8EA43B2EB9E53A0018EFEE /* SwiftUI-PokedexTests */,
				EF8EA4452EB9E53A0018EFEE /* SwiftUI-PokedexUITests */,
			);
		};
/* End PBXProject section */

/* Begin PBXResourcesBuildPhase section */
		EF8EA42C2EB9E5390018EFEE /* Resources */ = {
			isa = PBXResourcesBuildPhase;
			buildActionMask = 2147483647;
			files = (
			);
			runOnlyForDeploymentPostprocessing = 0;
		};
		EF8EA43A2EB9E53A0018EFEE /* Resources */ = {
			isa = PBXResourcesBuildPhase;
			buildActionMask = 2147483647;
			files = (
			);
			runOnlyForDeploymentPostprocessing = 0;
		};
		EF8EA4442EB9E53A0018EFEE /* Resources */ = {
			isa = PBXResourcesBuildPhase;
			buildActionMask = 2147483647;
			files = (
			);
			runOnlyForDeploymentPostprocessing = 0;
		};
/* End PBXResourcesBuildPhase section */

/* Begin PBXSourcesBuildPhase section */
		EF8EA42A2EB9E5390018EFEE /* Sources */ = {
			isa = PBXSourcesBuildPhase;
			buildActionMask = 2147483647;
			files = (
			);
			runOnlyForDeploymentPostprocessing = 0;
		};
		EF8EA4382EB9E53A0018EFEE /* Sources */ = {
			isa = PBXSourcesBuildPhase;
			buildActionMask = 2147483647;
			files = (
			);
			runOnlyForDeploymentPostprocessing = 0;
		};
		EF8EA4422EB9E53A0018EFEE /* Sources */ = {
			isa = PBXSourcesBuildPhase;
			buildActionMask = 2147483647;
			files = (
			);
			runOnlyForDeploymentPostprocessing = 0;
		};
/* End PBXSourcesBuildPhase section */

/* Begin PBXTargetDependency section */
		EF8EA43E2EB9E53A0018EFEE /* PBXTargetDependency */ = {
			isa = PBXTargetDependency;
			target = EF8EA42D2EB9E5390018EFEE /* SwiftUI-Pokedex */;
			targetProxy = EF8EA43D2EB9E53A0018EFEE /* PBXContainerItemProxy */;
		};
		EF8EA4482EB9E53A0018EFEE /* PBXTargetDependency */ = {
			isa = PBXTargetDependency;
			target = EF8EA42D2EB9E5390018EFEE /* SwiftUI-Pokedex */;
			targetProxy = EF8EA4472EB9E53A0018EFEE /* PBXContainerItemProxy */;
		};
/* End PBXTargetDependency section */

/* Begin XCBuildConfiguration section */
		EF8EA44E2EB9E53A0018EFEE /* Debug */ = {
			isa = XCBuildConfiguration;
			buildSettings = {
				ALWAYS_SEARCH_USER_PATHS = NO;
				ASSETCATALOG_COMPILER_GENERATE_SWIFT_ASSET_SYMBOL_EXTENSIONS = YES;
				CLANG_ANALYZER_NONNULL = YES;
				CLANG_ANALYZER_NUMBER_OBJECT_CONVERSION = YES_AGGRESSIVE;
				CLANG_CXX_LANGUAGE_STANDARD = "gnu++20";
				CLANG_ENABLE_MODULES = YES;
				CLANG_ENABLE_OBJC_ARC = YES;
				CLANG_ENABLE_OBJC_WEAK = YES;
				CLANG_WARN_BLOCK_CAPTURE_AUTORELEASING = YES;
				CLANG_WARN_BOOL_CONVERSION = YES;
				CLANG_WARN_COMMA = YES;
				CLANG_WARN_CONSTANT_CONVERSION = YES;
				CLANG_WARN_DEPRECATED_OBJC_IMPLEMENTATIONS = YES;
				CLANG_WARN_DIRECT_OBJC_ISA_USAGE = YES_ERROR;
				CLANG_WARN_DOCUMENTATION_COMMENTS = YES;
				CLANG_WARN_EMPTY_BODY = YES;
				CLANG_WARN_ENUM_CONVERSION = YES;
				CLANG_WARN_INFINITE_RECURSION = YES;
				CLANG_WARN_INT_CONVERSION = YES;
				CLANG_WARN_NON_LITERAL_NULL_CONVERSION = YES;
				CLANG_WARN_OBJC_IMPLICIT_RETAIN_SELF = YES;
				CLANG_WARN_OBJC_LITERAL_CONVERSION = YES;
				CLANG_WARN_OBJC_ROOT_CLASS = YES_ERROR;
				CLANG_WARN_QUOTED_INCLUDE_IN_FRAMEWORK_HEADER = YES;
				CLANG_WARN_RANGE_LOOP_ANALYSIS = YES;
				CLANG_WARN_STRICT_PROTOTYPES = YES;
				CLANG_WARN_SUSPICIOUS_MOVE = YES;
				CLANG_WARN_UNGUARDED_AVAILABILITY = YES_AGGRESSIVE;
				CLANG_WARN_UNREACHABLE_CODE = YES;
				CLANG_WARN__DUPLICATE_METHOD_MATCH = YES;
				COPY_PHASE_STRIP = NO;
				DEBUG_INFORMATION_FORMAT = dwarf;
				ENABLE_STRICT_OBJC_MSGSEND = YES;
				ENABLE_TESTABILITY = YES;
				ENABLE_USER_SCRIPT_SANDBOXING = YES;
				GCC_C_LANGUAGE_STANDARD = gnu17;
				GCC_DYNAMIC_NO_PIC = NO;
				GCC_NO_COMMON_BLOCKS = YES;
				GCC_OPTIMIZATION_LEVEL = 0;
				GCC_PREPROCESSOR_DEFINITIONS = (
					"DEBUG=1",
					"$(inherited)",
				);
				GCC_WARN_64_TO_32_BIT_CONVERSION = YES;
				GCC_WARN_ABOUT_RETURN_TYPE = YES_ERROR;
				GCC_WARN_UNDECLARED_SELECTOR = YES;
				GCC_WARN_UNINITIALIZED_AUTOS = YES_AGGRESSIVE;
				GCC_WARN_UNUSED_FUNCTION = YES;
				GCC_WARN_UNUSED_VARIABLE = YES;
				LOCALIZATION_PREFERS_STRING_CATALOGS = YES;
				MTL_ENABLE_DEBUG_INFO = INCLUDE_SOURCE;
				MTL_FAST_MATH = YES;
				ONLY_ACTIVE_ARCH = YES;
				SWIFT_ACTIVE_COMPILATION_CONDITIONS = "DEBUG $(inherited)";
				SWIFT_EMIT_LOC_STRINGS = YES;
				SWIFT_OPTIMIZATION_LEVEL = "-Onone";
			};
			name = Debug;
		};
		EF8EA44F2EB9E53A0018EFEE /* Release */ = {
			isa = XCBuildConfiguration;
			buildSettings = {
				ALWAYS_SEARCH_USER_PATHS = NO;
				ASSETCATALOG_COMPILER_GENERATE_SWIFT_ASSET_SYMBOL_EXTENSIONS = YES;
				CLANG_ANALYZER_NONNULL = YES;
				CLANG_ANALYZER_NUMBER_OBJECT_CONVERSION = YES_AGGRESSIVE;
				CLANG_CXX_LANGUAGE_STANDARD = "gnu++20";
				CLANG_ENABLE_MODULES = YES;
				CLANG_ENABLE_OBJC_ARC = YES;
				CLANG_ENABLE_OBJC_WEAK = YES;
				CLANG_WARN_BLOCK_CAPTURE_AUTORELEASING = YES;
				CLANG_WARN_BOOL_CONVERSION = YES;
				CLANG_WARN_COMMA = YES;
				CLANG_WARN_CONSTANT_CONVERSION = YES;
				CLANG_WARN_DEPRECATED_OBJC_IMPLEMENTATIONS = YES;
				CLANG_WARN_DIRECT_OBJC_ISA_USAGE = YES_ERROR;
				CLANG_WARN_DOCUMENTATION_COMMENTS = YES;
				CLANG_WARN_EMPTY_BODY = YES;
				CLANG_WARN_ENUM_CONVERSION = YES;
				CLANG_WARN_INFINITE_RECURSION = YES;
				CLANG_WARN_INT_CONVERSION = YES;
				CLANG_WARN_NON_LITERAL_NULL_CONVERSION = YES;
				CLANG_WARN_OBJC_IMPLICIT_RETAIN_SELF = YES;
				CLANG_WARN_OBJC_LITERAL_CONVERSION = YES;
				CLANG_WARN_OBJC_ROOT_CLASS = YES_ERROR;
				CLANG_WARN_QUOTED_INCLUDE_IN_FRAMEWORK_HEADER = YES;
				CLANG_WARN_RANGE_LOOP_ANALYSIS = YES;
				CLANG_WARN_STRICT_PROTOTYPES = YES;
				CLANG_WARN_SUSPICIOUS_MOVE = YES;
				CLANG_WARN_UNGUARDED_AVAILABILITY = YES_AGGRESSIVE;
				CLANG_WARN_UNREACHABLE_CODE = YES;
				CLANG_WARN__DUPLICATE_METHOD_MATCH = YES;
				COPY_PHASE_STRIP = NO;
				DEBUG_INFORMATION_FORMAT = "dwarf-with-dsym";
				ENABLE_NS_ASSERTIONS = NO;
				ENABLE_STRICT_OBJC_MSGSEND = YES;
				ENABLE_USER_SCRIPT_SANDBOXING = YES;
				GCC_C_LANGUAGE_STANDARD = gnu17;
				GCC_NO_COMMON_BLOCKS = YES;
				GCC_WARN_64_TO_32_BIT_CONVERSION = YES;
				GCC_WARN_ABOUT_RETURN_TYPE = YES_ERROR;
				GCC_WARN_UNDECLARED_SELECTOR = YES;
				GCC_WARN_UNINITIALIZED_AUTOS = YES_AGGRESSIVE;
				GCC_WARN_UNUSED_FUNCTION = YES;
				GCC_WARN_UNUSED_VARIABLE = YES;
				LOCALIZATION_PREFERS_STRING_CATALOGS = YES;
				MTL_ENABLE_DEBUG_INFO = NO;
				MTL_FAST_MATH = YES;
				SWIFT_COMPILATION_MODE = wholemodule;
				SWIFT_EMIT_LOC_STRINGS = YES;
			};
			name = Release;
		};
		EF8EA4512EB9E53A0018EFEE /* Debug */ = {
			isa = XCBuildConfiguration;
			buildSettings = {
				ASSETCATALOG_COMPILER_APPICON_NAME = AppIcon;
				ASSETCATALOG_COMPILER_GLOBAL_ACCENT_COLOR_NAME = AccentColor;
				CODE_SIGN_ENTITLEMENTS = "SwiftUI-Pokedex/SwiftUI_Pokedex.entitlements";
				CODE_SIGN_STYLE = Automatic;
				CURRENT_PROJECT_VERSION = 1;
				ENABLE_PREVIEWS = YES;
				GENERATE_INFOPLIST_FILE = YES;
				"INFOPLIST_KEY_UIApplicationSceneManifest_Generation[sdk=iphoneos*]" = YES;
				"INFOPLIST_KEY_UIApplicationSceneManifest_Generation[sdk=iphonesimulator*]" = YES;
				"INFOPLIST_KEY_UIApplicationSupportsIndirectInputEvents[sdk=iphoneos*]" = YES;
				"INFOPLIST_KEY_UIApplicationSupportsIndirectInputEvents[sdk=iphonesimulator*]" = YES;
				"INFOPLIST_KEY_UILaunchScreen_Generation[sdk=iphoneos*]" = YES;
				"INFOPLIST_KEY_UILaunchScreen_Generation[sdk=iphonesimulator*]" = YES;
				"INFOPLIST_KEY_UIStatusBarStyle[sdk=iphoneos*]" = UIStatusBarStyleDefault;
				"INFOPLIST_KEY_UIStatusBarStyle[sdk=iphonesimulator*]" = UIStatusBarStyleDefault;
				INFOPLIST_KEY_UISupportedInterfaceOrientations_iPad = "UIInterfaceOrientationPortrait UIInterfaceOrientationPortraitUpsideDown UIInterfaceOrientationLandscapeLeft UIInterfaceOrientationLandscapeRight";
				INFOPLIST_KEY_UISupportedInterfaceOrientations_iPhone = "UIInterfaceOrientationPortrait UIInterfaceOrientationLandscapeLeft UIInterfaceOrientationLandscapeRight";
				IPHONEOS_DEPLOYMENT_TARGET = 18.5;
				LD_RUNPATH_SEARCH_PATHS = "@executable_path/Frameworks";
				"LD_RUNPATH_SEARCH_PATHS[sdk=macosx*]" = "@executable_path/../Frameworks";
				MACOSX_DEPLOYMENT_TARGET = 15.5;
				MARKETING_VERSION = 1.0;
				PRODUCT_BUNDLE_IDENTIFIER = "IIM.SwiftUI-Pokedex";
				PRODUCT_NAME = "$(TARGET_NAME)";
				REGISTER_APP_GROUPS = YES;
				SDKROOT = auto;
				SUPPORTED_PLATFORMS = "iphoneos iphonesimulator macosx xros xrsimulator";
				SWIFT_EMIT_LOC_STRINGS = YES;
				SWIFT_VERSION = 5.0;
				TARGETED_DEVICE_FAMILY = "1,2,7";
				XROS_DEPLOYMENT_TARGET = 2.5;
			};
			name = Debug;
		};
		EF8EA4522EB9E53A0018EFEE /* Release */ = {
			isa = XCBuildConfiguration;
			buildSettings = {
				ASSETCATALOG_COMPILER_APPICON_NAME = AppIcon;
				ASSETCATALOG_COMPILER_GLOBAL_ACCENT_COLOR_NAME = AccentColor;
				CODE_SIGN_ENTITLEMENTS = "SwiftUI-Pokedex/SwiftUI_Pokedex.entitlements";
				CODE_SIGN_STYLE = Automatic;
				CURRENT_PROJECT_VERSION = 1;
				ENABLE_PREVIEWS = YES;
				GENERATE_INFOPLIST_FILE = YES;
				"INFOPLIST_KEY_UIApplicationSceneManifest_Generation[sdk=iphoneos*]" = YES;
				"INFOPLIST_KEY_UIApplicationSceneManifest_Generation[sdk=iphonesimulator*]" = YES;
				"INFOPLIST_KEY_UIApplicationSupportsIndirectInputEvents[sdk=iphoneos*]" = YES;
				"INFOPLIST_KEY_UIApplicationSupportsIndirectInputEvents[sdk=iphonesimulator*]" = YES;
				"INFOPLIST_KEY_UILaunchScreen_Generation[sdk=iphoneos*]" = YES;
				"INFOPLIST_KEY_UILaunchScreen_Generation[sdk=iphonesimulator*]" = YES;
				"INFOPLIST_KEY_UIStatusBarStyle[sdk=iphoneos*]" = UIStatusBarStyleDefault;
				"INFOPLIST_KEY_UIStatusBarStyle[sdk=iphonesimulator*]" = UIStatusBarStyleDefault;
				INFOPLIST_KEY_UISupportedInterfaceOrientations_iPad = "UIInterfaceOrientationPortrait UIInterfaceOrientationPortraitUpsideDown UIInterfaceOrientationLandscapeLeft UIInterfaceOrientationLandscapeRight";
				INFOPLIST_KEY_UISupportedInterfaceOrientations_iPhone = "UIInterfaceOrientationPortrait UIInterfaceOrientationLandscapeLeft UIInterfaceOrientationLandscapeRight";
				IPHONEOS_DEPLOYMENT_TARGET = 18.5;
				LD_RUNPATH_SEARCH_PATHS = "@executable_path/Frameworks";
				"LD_RUNPATH_SEARCH_PATHS[sdk=macosx*]" = "@executable_path/../Frameworks";
				MACOSX_DEPLOYMENT_TARGET = 15.5;
				MARKETING_VERSION = 1.0;
				PRODUCT_BUNDLE_IDENTIFIER = "IIM.SwiftUI-Pokedex";
				PRODUCT_NAME = "$(TARGET_NAME)";
				REGISTER_APP_GROUPS = YES;
				SDKROOT = auto;
				SUPPORTED_PLATFORMS = "iphoneos iphonesimulator macosx xros xrsimulator";
				SWIFT_EMIT_LOC_STRINGS = YES;
				SWIFT_VERSION = 5.0;
				TARGETED_DEVICE_FAMILY = "1,2,7";
				XROS_DEPLOYMENT_TARGET = 2.5;
			};
			name = Release;
		};
		EF8EA4542EB9E53A0018EFEE /* Debug */ = {
			isa = XCBuildConfiguration;
			buildSettings = {
				BUNDLE_LOADER = "$(TEST_HOST)";
				CODE_SIGN_STYLE = Automatic;
				CURRENT_PROJECT_VERSION = 1;
				GENERATE_INFOPLIST_FILE = YES;
				IPHONEOS_DEPLOYMENT_TARGET = 18.5;
				MACOSX_DEPLOYMENT_TARGET = 15.5;
				MARKETING_VERSION = 1.0;
				PRODUCT_BUNDLE_IDENTIFIER = "IIM.SwiftUI-PokedexTests";
				PRODUCT_NAME = "$(TARGET_NAME)";
				SDKROOT = auto;
				SUPPORTED_PLATFORMS = "iphoneos iphonesimulator macosx xros xrsimulator";
				SWIFT_EMIT_LOC_STRINGS = NO;
				SWIFT_VERSION = 5.0;
				TARGETED_DEVICE_FAMILY = "1,2,7";
				TEST_HOST = "$(BUILT_PRODUCTS_DIR)/SwiftUI-Pokedex.app/$(BUNDLE_EXECUTABLE_FOLDER_PATH)/SwiftUI-Pokedex";
				XROS_DEPLOYMENT_TARGET = 2.5;
			};
			name = Debug;
		};
		EF8EA4552EB9E53A0018EFEE /* Release */ = {
			isa = XCBuildConfiguration;
			buildSettings = {
				BUNDLE_LOADER = "$(TEST_HOST)";
				CODE_SIGN_STYLE = Automatic;
				CURRENT_PROJECT_VERSION = 1;
				GENERATE_INFOPLIST_FILE = YES;
				IPHONEOS_DEPLOYMENT_TARGET = 18.5;
				MACOSX_DEPLOYMENT_TARGET = 15.5;
				MARKETING_VERSION = 1.0;
				PRODUCT_BUNDLE_IDENTIFIER = "IIM.SwiftUI-PokedexTests";
				PRODUCT_NAME = "$(TARGET_NAME)";
				SDKROOT = auto;
				SUPPORTED_PLATFORMS = "iphoneos iphonesimulator macosx xros xrsimulator";
				SWIFT_EMIT_LOC_STRINGS = NO;
				SWIFT_VERSION = 5.0;
				TARGETED_DEVICE_FAMILY = "1,2,7";
				TEST_HOST = "$(BUILT_PRODUCTS_DIR)/SwiftUI-Pokedex.app/$(BUNDLE_EXECUTABLE_FOLDER_PATH)/SwiftUI-Pokedex";
				XROS_DEPLOYMENT_TARGET = 2.5;
			};
			name = Release;
		};
		EF8EA4572EB9E53A0018EFEE /* Debug */ = {
			isa = XCBuildConfiguration;
			buildSettings = {
				CODE_SIGN_STYLE = Automatic;
				CURRENT_PROJECT_VERSION = 1;
				GENERATE_INFOPLIST_FILE = YES;
				IPHONEOS_DEPLOYMENT_TARGET = 18.5;
				MACOSX_DEPLOYMENT_TARGET = 15.5;
				MARKETING_VERSION = 1.0;
				PRODUCT_BUNDLE_IDENTIFIER = "IIM.SwiftUI-PokedexUITests";
				PRODUCT_NAME = "$(TARGET_NAME)";
				SDKROOT = auto;
				SUPPORTED_PLATFORMS = "iphoneos iphonesimulator macosx xros xrsimulator";
				SWIFT_EMIT_LOC_STRINGS = NO;
				SWIFT_VERSION = 5.0;
				TARGETED_DEVICE_FAMILY = "1,2,7";
				TEST_TARGET_NAME = "SwiftUI-Pokedex";
				XROS_DEPLOYMENT_TARGET = 2.5;
			};
			name = Debug;
		};
		EF8EA4582EB9E53A0018EFEE /* Release */ = {
			isa = XCBuildConfiguration;
			buildSettings = {
				CODE_SIGN_STYLE = Automatic;
				CURRENT_PROJECT_VERSION = 1;
				GENERATE_INFOPLIST_FILE = YES;
				IPHONEOS_DEPLOYMENT_TARGET = 18.5;
				MACOSX_DEPLOYMENT_TARGET = 15.5;
				MARKETING_VERSION = 1.0;
				PRODUCT_BUNDLE_IDENTIFIER = "IIM.SwiftUI-PokedexUITests";
				PRODUCT_NAME = "$(TARGET_NAME)";
				SDKROOT = auto;
				SUPPORTED_PLATFORMS = "iphoneos iphonesimulator macosx xros xrsimulator";
				SWIFT_EMIT_LOC_STRINGS = NO;
				SWIFT_VERSION = 5.0;
				TARGETED_DEVICE_FAMILY = "1,2,7";
				TEST_TARGET_NAME = "SwiftUI-Pokedex";
				XROS_DEPLOYMENT_TARGET = 2.5;
			};
			name = Release;
		};
/* End XCBuildConfiguration section */

/* Begin XCConfigurationList section */
		EF8EA4292EB9E5390018EFEE /* Build configuration list for PBXProject "SwiftUI-Pokedex" */ = {
			isa = XCConfigurationList;
			buildConfigurations = (
				EF8EA44E2EB9E53A0018EFEE /* Debug */,
				EF8EA44F2EB9E53A0018EFEE /* Release */,
			);
			defaultConfigurationIsVisible = 0;
			defaultConfigurationName = Release;
		};
		EF8EA4502EB9E53A0018EFEE /* Build configuration list for PBXNativeTarget "SwiftUI-Pokedex" */ = {
			isa = XCConfigurationList;
			buildConfigurations = (
				EF8EA4512EB9E53A0018EFEE /* Debug */,
				EF8EA4522EB9E53A0018EFEE /* Release */,
			);
			defaultConfigurationIsVisible = 0;
			defaultConfigurationName = Release;
		};
		EF8EA4532EB9E53A0018EFEE /* Build configuration list for PBXNativeTarget "SwiftUI-PokedexTests" */ = {
			isa = XCConfigurationList;
			buildConfigurations = (
				EF8EA4542EB9E53A0018EFEE /* Debug */,
				EF8EA4552EB9E53A0018EFEE /* Release */,
			);
			defaultConfigurationIsVisible = 0;
			defaultConfigurationName = Release;
		};
		EF8EA4562EB9E53A0018EFEE /* Build configuration list for PBXNativeTarget "SwiftUI-PokedexUITests" */ = {
			isa = XCConfigurationList;
			buildConfigurations = (
				EF8EA4572EB9E53A0018EFEE /* Debug */,
				EF8EA4582EB9E53A0018EFEE /* Release */,
			);
			defaultConfigurationIsVisible = 0;
			defaultConfigurationName = Release;
		};
/* End XCConfigurationList section */

/* Begin XCLocalSwiftPackageReference section */
		EF3905DD2EBA319800CB59DB /* XCLocalSwiftPackageReference "../DesignSystem" */ = {
			isa = XCLocalSwiftPackageReference;
			relativePath = ../DesignSystem;
		};
/* End XCLocalSwiftPackageReference section */

/* Begin XCSwiftPackageProductDependency section */
		EF3905E12EBA323800CB59DB /* DesignSystem */ = {
			isa = XCSwiftPackageProductDependency;
			productName = DesignSystem;
		};
/* End XCSwiftPackageProductDependency section */
	};
	rootObject = EF8EA4262EB9E5390018EFEE /* Project object */;
}
